
Microsoft Visual Studio Solution File, Format Version 12.00
# Visual Studio Version 17
VisualStudioVersion = 17.4.33122.133
MinimumVisualStudioVersion = 10.0.40219.1
Project("{FAE04EC0-301F-11D3-BF4B-00C04F79EFBC}") = "main", "main\main.csproj", "{7071404E-A6D9-4345-9616-D74AE2F38148}"
	ProjectSection(ProjectDependencies) = postProject
		{3716A6C7-74ED-4288-81E9-C58DEDF5092E} = {3716A6C7-74ED-4288-81E9-C58DEDF5092E}
	EndProjectSection
EndProject
Project("{9A19103F-16F7-4668-BE54-9A1E7A4F7556}") = "ImageSharp", "ImageSharp\src\ImageSharp\ImageSharp.csproj", "{3716A6C7-74ED-4288-81E9-C58DEDF5092E}"
EndProject
Project("{FAE04EC0-301F-11D3-BF4B-00C04F79EFBC}") = "OrbisGL", "OrbisGL\OrbisGL.csproj", "{7EF00BD1-A3C4-45FB-BF5C-44DB18F28EC9}"
EndProject
Project("{FAE04EC0-301F-11D3-BF4B-00C04F79EFBC}") = "SharpGLES", "SharpGLES\SharpGLES\SharpGLES.csproj", "{CF294894-F871-4CC4-B947-FEED7967A49E}"
EndProject
Project("{FAE04EC0-301F-11D3-BF4B-00C04F79EFBC}") = "GLTest", "GLTest\GLTest.csproj", "{836BC80E-8DFE-49A8-A411-B30FF5A8482F}"
EndProject
Global
	GlobalSection(SolutionConfigurationPlatforms) = preSolution
		Debug_Win|x64 = Debug_Win|x64
		Debug|x64 = Debug|x64
		Release|x64 = Release|x64
	EndGlobalSection
	GlobalSection(ProjectConfigurationPlatforms) = postSolution
		{7071404E-A6D9-4345-9616-D74AE2F38148}.Debug_Win|x64.ActiveCfg = Debug_Win|x64
		{7071404E-A6D9-4345-9616-D74AE2F38148}.Debug_Win|x64.Build.0 = Debug_Win|x64
		{7071404E-A6D9-4345-9616-D74AE2F38148}.Debug|x64.ActiveCfg = Debug|x64
		{7071404E-A6D9-4345-9616-D74AE2F38148}.Debug|x64.Build.0 = Debug|x64
		{7071404E-A6D9-4345-9616-D74AE2F38148}.Release|x64.ActiveCfg = Release|x64
		{7071404E-A6D9-4345-9616-D74AE2F38148}.Release|x64.Build.0 = Release|x64
		{3716A6C7-74ED-4288-81E9-C58DEDF5092E}.Debug_Win|x64.ActiveCfg = Debug_Win|x64
		{3716A6C7-74ED-4288-81E9-C58DEDF5092E}.Debug_Win|x64.Build.0 = Debug_Win|x64
		{3716A6C7-74ED-4288-81E9-C58DEDF5092E}.Debug|x64.ActiveCfg = Debug|Any CPU
		{3716A6C7-74ED-4288-81E9-C58DEDF5092E}.Debug|x64.Build.0 = Debug|Any CPU
		{3716A6C7-74ED-4288-81E9-C58DEDF5092E}.Release|x64.ActiveCfg = Release|Any CPU
		{3716A6C7-74ED-4288-81E9-C58DEDF5092E}.Release|x64.Build.0 = Release|Any CPU
		{7EF00BD1-A3C4-45FB-BF5C-44DB18F28EC9}.Debug_Win|x64.ActiveCfg = Debug_Win|x64
		{7EF00BD1-A3C4-45FB-BF5C-44DB18F28EC9}.Debug_Win|x64.Build.0 = Debug_Win|x64
		{7EF00BD1-A3C4-45FB-BF5C-44DB18F28EC9}.Debug|x64.ActiveCfg = Debug|Any CPU
		{7EF00BD1-A3C4-45FB-BF5C-44DB18F28EC9}.Debug|x64.Build.0 = Debug|Any CPU
		{7EF00BD1-A3C4-45FB-BF5C-44DB18F28EC9}.Release|x64.ActiveCfg = Release|Any CPU
		{7EF00BD1-A3C4-45FB-BF5C-44DB18F28EC9}.Release|x64.Build.0 = Release|Any CPU
		{CF294894-F871-4CC4-B947-FEED7967A49E}.Debug_Win|x64.ActiveCfg = Debug_Win|x64
		{CF294894-F871-4CC4-B947-FEED7967A49E}.Debug_Win|x64.Build.0 = Debug_Win|x64
		{CF294894-F871-4CC4-B947-FEED7967A49E}.Debug|x64.ActiveCfg = Debug|Any CPU
		{CF294894-F871-4CC4-B947-FEED7967A49E}.Debug|x64.Build.0 = Debug|Any CPU
		{CF294894-F871-4CC4-B947-FEED7967A49E}.Release|x64.ActiveCfg = Release|Any CPU
		{CF294894-F871-4CC4-B947-FEED7967A49E}.Release|x64.Build.0 = Release|Any CPU
		{836BC80E-8DFE-49A8-A411-B30FF5A8482F}.Debug_Win|x64.ActiveCfg = Debug_Win|x64
		{836BC80E-8DFE-49A8-A411-B30FF5A8482F}.Debug_Win|x64.Build.0 = Debug_Win|x64
		{836BC80E-8DFE-49A8-A411-B30FF5A8482F}.Debug|x64.ActiveCfg = Debug|Any CPU
		{836BC80E-8DFE-49A8-A411-B30FF5A8482F}.Debug|x64.Build.0 = Debug|Any CPU
		{836BC80E-8DFE-49A8-A411-B30FF5A8482F}.Release|x64.ActiveCfg = Release|Any CPU
		{836BC80E-8DFE-49A8-A411-B30FF5A8482F}.Release|x64.Build.0 = Release|Any CPU
	EndGlobalSection
	GlobalSection(SolutionProperties) = preSolution
		HideSolutionNode = FALSE
	EndGlobalSection
	GlobalSection(ExtensibilityGlobals) = postSolution
		SolutionGuid = {44B01D86-791E-435F-8DDB-538C0D50C957}
	EndGlobalSection
	GlobalSection(SharedMSBuildProjectFiles) = preSolution
		ImageSharp\shared-infrastructure\src\SharedInfrastructure\SharedInfrastructure.projitems*{3716a6c7-74ed-4288-81e9-c58dedf5092e}*SharedItemsImports = 5
	EndGlobalSection
EndGlobal
