
Microsoft Visual Studio Solution File, Format Version 12.00
# Visual Studio Version 17
VisualStudioVersion = 17.4.33122.133
MinimumVisualStudioVersion = 10.0.40219.1
Project("{FAE04EC0-301F-11D3-BF4B-00C04F79EFBC}") = "main", "main\main.csproj", "{7071404E-A6D9-4345-9616-D74AE2F38148}"
EndProject
Project("{FAE04EC0-301F-11D3-BF4B-00C04F79EFBC}") = "SDL2-CS", "SDL2-CS\SDL2-CS.csproj", "{85480198-8711-4355-830E-72FD794AD3F6}"
EndProject
Project("{9A19103F-16F7-4668-BE54-9A1E7A4F7556}") = "ImageSharp", "SDL2-CS\ImageSharp\src\ImageSharp\ImageSharp.csproj", "{3716A6C7-74ED-4288-81E9-C58DEDF5092E}"
EndProject
Global
	GlobalSection(SolutionConfigurationPlatforms) = preSolution
		Debug|x64 = Debug|x64
		Release|x64 = Release|x64
	EndGlobalSection
	GlobalSection(ProjectConfigurationPlatforms) = postSolution
		{7071404E-A6D9-4345-9616-D74AE2F38148}.Debug|x64.ActiveCfg = Debug|x64
		{7071404E-A6D9-4345-9616-D74AE2F38148}.Debug|x64.Build.0 = Debug|x64
		{7071404E-A6D9-4345-9616-D74AE2F38148}.Release|x64.ActiveCfg = Release|x64
		{7071404E-A6D9-4345-9616-D74AE2F38148}.Release|x64.Build.0 = Release|x64
		{85480198-8711-4355-830E-72FD794AD3F6}.Debug|x64.ActiveCfg = Debug|x64
		{85480198-8711-4355-830E-72FD794AD3F6}.Debug|x64.Build.0 = Debug|x64
		{85480198-8711-4355-830E-72FD794AD3F6}.Release|x64.ActiveCfg = Release|x64
		{85480198-8711-4355-830E-72FD794AD3F6}.Release|x64.Build.0 = Release|x64
		{3716A6C7-74ED-4288-81E9-C58DEDF5092E}.Debug|x64.ActiveCfg = Debug|Any CPU
		{3716A6C7-74ED-4288-81E9-C58DEDF5092E}.Debug|x64.Build.0 = Debug|Any CPU
		{3716A6C7-74ED-4288-81E9-C58DEDF5092E}.Release|x64.ActiveCfg = Release|Any CPU
		{3716A6C7-74ED-4288-81E9-C58DEDF5092E}.Release|x64.Build.0 = Release|Any CPU
	EndGlobalSection
	GlobalSection(SolutionProperties) = preSolution
		HideSolutionNode = FALSE
	EndGlobalSection
	GlobalSection(ExtensibilityGlobals) = postSolution
		SolutionGuid = {44B01D86-791E-435F-8DDB-538C0D50C957}
	EndGlobalSection
	GlobalSection(SharedMSBuildProjectFiles) = preSolution
		SDL2-CS\ImageSharp\shared-infrastructure\src\SharedInfrastructure\SharedInfrastructure.projitems*{3716a6c7-74ed-4288-81e9-c58dedf5092e}*SharedItemsImports = 5
	EndGlobalSection
EndGlobal
