Microsoft Visual Studio Solution File, Format Version 12.00
# Visual Studio Version 17
VisualStudioVersion = 17.4.33122.133
MinimumVisualStudioVersion = 10.0.40219.1
Project("{FAE04EC0-301F-11D3-BF4B-00C04F79EFBC}") = "main", "main\main.csproj", "{7071404E-A6D9-4345-9616-D74AE2F38148}"
EndProject
Project("{FAE04EC0-301F-11D3-BF4B-00C04F79EFBC}") = "OrbisGL", "OrbisGL\OrbisGL\OrbisGL.csproj", "{7EF00BD1-A3C4-45FB-BF5C-44DB18F28EC9}"
EndProject
Global
	GlobalSection(SolutionConfigurationPlatforms) = preSolution
		Debug_Win|Any CPU = Debug_Win|Any CPU
		Debug_Win|x64 = Debug_Win|x64
		Debug|Any CPU = Debug|Any CPU
		Debug|x64 = Debug|x64
		Release|Any CPU = Release|Any CPU
		Release|x64 = Release|x64
	EndGlobalSection
	GlobalSection(ProjectConfigurationPlatforms) = postSolution
		{7071404E-A6D9-4345-9616-D74AE2F38148}.Debug_Win|Any CPU.ActiveCfg = Debug_Win|x64
		{7071404E-A6D9-4345-9616-D74AE2F38148}.Debug_Win|Any CPU.Build.0 = Debug_Win|x64
		{7071404E-A6D9-4345-9616-D74AE2F38148}.Debug_Win|x64.ActiveCfg = Debug_Win|x64
		{7071404E-A6D9-4345-9616-D74AE2F38148}.Debug_Win|x64.Build.0 = Debug_Win|x64
		{7071404E-A6D9-4345-9616-D74AE2F38148}.Debug|Any CPU.ActiveCfg = Debug|x64
		{7071404E-A6D9-4345-9616-D74AE2F38148}.Debug|Any CPU.Build.0 = Debug|x64
		{7071404E-A6D9-4345-9616-D74AE2F38148}.Debug|x64.ActiveCfg = Debug|x64
		{7071404E-A6D9-4345-9616-D74AE2F38148}.Debug|x64.Build.0 = Debug|x64
		{7071404E-A6D9-4345-9616-D74AE2F38148}.Release|Any CPU.ActiveCfg = Release|x64
		{7071404E-A6D9-4345-9616-D74AE2F38148}.Release|Any CPU.Build.0 = Release|x64
		{7071404E-A6D9-4345-9616-D74AE2F38148}.Release|x64.ActiveCfg = Release|x64
		{7071404E-A6D9-4345-9616-D74AE2F38148}.Release|x64.Build.0 = Release|x64
		{7EF00BD1-A3C4-45FB-BF5C-44DB18F28EC9}.Debug_Win|Any CPU.ActiveCfg = Debug_Win|Any CPU
		{7EF00BD1-A3C4-45FB-BF5C-44DB18F28EC9}.Debug_Win|Any CPU.Build.0 = Debug_Win|Any CPU
		{7EF00BD1-A3C4-45FB-BF5C-44DB18F28EC9}.Debug_Win|x64.ActiveCfg = Debug_Win|x64
		{7EF00BD1-A3C4-45FB-BF5C-44DB18F28EC9}.Debug_Win|x64.Build.0 = Debug_Win|x64
		{7EF00BD1-A3C4-45FB-BF5C-44DB18F28EC9}.Debug|Any CPU.ActiveCfg = Debug|Any CPU
		{7EF00BD1-A3C4-45FB-BF5C-44DB18F28EC9}.Debug|Any CPU.Build.0 = Debug|Any CPU
		{7EF00BD1-A3C4-45FB-BF5C-44DB18F28EC9}.Debug|x64.ActiveCfg = Debug|x64
		{7EF00BD1-A3C4-45FB-BF5C-44DB18F28EC9}.Debug|x64.Build.0 = Debug|x64
		{7EF00BD1-A3C4-45FB-BF5C-44DB18F28EC9}.Release|Any CPU.ActiveCfg = Release|Any CPU
		{7EF00BD1-A3C4-45FB-BF5C-44DB18F28EC9}.Release|Any CPU.Build.0 = Release|Any CPU
		{7EF00BD1-A3C4-45FB-BF5C-44DB18F28EC9}.Release|x64.ActiveCfg = Release|x64
		{7EF00BD1-A3C4-45FB-BF5C-44DB18F28EC9}.Release|x64.Build.0 = Release|x64
	EndGlobalSection
	GlobalSection(SolutionProperties) = preSolution
		HideSolutionNode = FALSE
	EndGlobalSection
	GlobalSection(ExtensibilityGlobals) = postSolution
		SolutionGuid = {44B01D86-791E-435F-8DDB-538C0D50C957}
	EndGlobalSection
EndGlobal
